Microsoft Visual Studio Solution File, Format Version 12.00
# Visual Studio Version 17
VisualStudioVersion = 17.5.2.0
MinimumVisualStudioVersion = 10.0.40219.1
Project("{FAE04EC0-301F-11D3-BF4B-00C04F79EFBC}") = "DailyPulseMVC", "DailyPulseMVC\DailyPulseMVC.csproj", "{7B383B89-2D54-7EE5-BB5C-058257A02A60}"
EndProject
Global
	GlobalSection(SolutionConfigurationPlatforms) = preSolution
		Debug|Any CPU = Debug|Any CPU
		Release|Any CPU = Release|Any CPU
	EndGlobalSection
	GlobalSection(ProjectConfigurationPlatforms) = postSolution
		{7B383B89-2D54-7EE5-BB5C-058257A02A60}.Debug|Any CPU.ActiveCfg = Debug|Any CPU
		{7B383B89-2D54-7EE5-BB5C-058257A02A60}.Debug|Any CPU.Build.0 = Debug|Any CPU
		{7B383B89-2D54-7EE5-BB5C-058257A02A60}.Release|Any CPU.ActiveCfg = Release|Any CPU
		{7B383B89-2D54-7EE5-BB5C-058257A02A60}.Release|Any CPU.Build.0 = Release|Any CPU
	EndGlobalSection
	GlobalSection(SolutionProperties) = preSolution
		HideSolutionNode = FALSE
	EndGlobalSection
	GlobalSection(ExtensibilityGlobals) = postSolution
		SolutionGuid = {6148C1DC-1AF3-4C3F-94DB-A4C53DAD5B58}
	EndGlobalSection
EndGlobal
